<Solution>
  <Folder Name="/Hosts/">
    <Project Path="Hosts/WebApi/WebApi.csproj" />
  </Folder>
  <Project Path="AppHost.Tests/AppHost.Tests.csproj" />
  <Project Path="AppHost/AppHost.csproj" />
  <Project Path="ServiceDefaults/ServiceDefaults.csproj" />
  <Project Path="Shared.Kernel/Shared.Kernel.csproj" />
</Solution>
