<Solution>
  <Folder Name="/Hosts/">
    <Project Path="Hosts\WebApi\WebApi.csproj" />
  </Folder>
  <Folder Name="/Modules.Example/">
    <Project Path="Modules.Example/Modules.Example.Contracts/Modules.Example.Contracts.csproj" />
    <Project Path="Modules.Example/Modules.Example.Core/Modules.Example.Core.csproj" />
    <Project Path="Modules.Example/Modules.Example.Http/Modules.Example.Http.csproj" />
    <Project Path="Modules.Example/Modules.Example.Tests/Modules.Example.Tests.csproj" />
  </Folder>
  <Project Path="AppHost.Tests\AppHost.Tests.csproj" />
  <Project Path="AppHost\AppHost.csproj" />
  <Project Path="ServiceDefaults\ServiceDefaults.csproj" />
  <Project Path="Shared.Kernel\Shared.Kernel.csproj" />
</Solution>
